
Microsoft Visual Studio Solution File, Format Version 12.00
Project("{FAE04EC0-301F-11D3-BF4B-00C04F79EFBC}") = "Cebulit.API", "Cebulit.API\Cebulit.API.csproj", "{B718A8EB-CAC3-41B5-B15F-030E563F2699}"
EndProject
Project("{FAE04EC0-301F-11D3-BF4B-00C04F79EFBC}") = "Cebulit.Tests", "Cebulit.Tests\Cebulit.Tests.csproj", "{C4DA68FE-0C9B-4CE8-B6DF-EA037CE77BBF}"
EndProject
Global
	GlobalSection(SolutionConfigurationPlatforms) = preSolution
		Debug|Any CPU = Debug|Any CPU
		Release|Any CPU = Release|Any CPU
	EndGlobalSection
	GlobalSection(ProjectConfigurationPlatforms) = postSolution
		{B718A8EB-CAC3-41B5-B15F-030E563F2699}.Debug|Any CPU.ActiveCfg = Debug|Any CPU
		{B718A8EB-CAC3-41B5-B15F-030E563F2699}.Debug|Any CPU.Build.0 = Debug|Any CPU
		{B718A8EB-CAC3-41B5-B15F-030E563F2699}.Release|Any CPU.ActiveCfg = Release|Any CPU
		{B718A8EB-CAC3-41B5-B15F-030E563F2699}.Release|Any CPU.Build.0 = Release|Any CPU
		{C4DA68FE-0C9B-4CE8-B6DF-EA037CE77BBF}.Debug|Any CPU.ActiveCfg = Debug|Any CPU
		{C4DA68FE-0C9B-4CE8-B6DF-EA037CE77BBF}.Debug|Any CPU.Build.0 = Debug|Any CPU
		{C4DA68FE-0C9B-4CE8-B6DF-EA037CE77BBF}.Release|Any CPU.ActiveCfg = Release|Any CPU
		{C4DA68FE-0C9B-4CE8-B6DF-EA037CE77BBF}.Release|Any CPU.Build.0 = Release|Any CPU
	EndGlobalSection
EndGlobal
